{
    "version": 3,
    "terraform_version": "0.11.7",
    "serial": 22,
    "lineage": "54451f41-4bbf-8e3b-5c4b-28ed7078f486",
    "modules": [
        {
            "path": [
                "root"
            ],
            "outputs": {
                "base_url": {
                    "sensitive": false,
                    "type": "string",
                    "value": "https://tuwh9dk3ch.execute-api.us-east-1.amazonaws.com/orion"
                }
            },
            "resources": {
                "aws_api_gateway_deployment.orion-api-gateway-deployment": {
                    "type": "aws_api_gateway_deployment",
                    "depends_on": [
                        "aws_api_gateway_integration.lambda",
                        "aws_api_gateway_integration.lambda_root",
                        "aws_api_gateway_rest_api.orion-rest-api"
                    ],
                    "primary": {
                        "id": "yygii6",
                        "attributes": {
                            "created_date": "2018-07-10T16:25:19Z",
                            "description": "",
                            "execution_arn": "arn:aws:execute-api:us-east-1:917657326648:tuwh9dk3ch/orion",
                            "id": "yygii6",
                            "invoke_url": "https://tuwh9dk3ch.execute-api.us-east-1.amazonaws.com/orion",
                            "rest_api_id": "tuwh9dk3ch",
                            "stage_name": "orion"
                        },
                        "meta": {},
                        "tainted": false
                    },
                    "deposed": [],
                    "provider": "provider.aws"
                },
                "aws_api_gateway_integration.lambda": {
                    "type": "aws_api_gateway_integration",
                    "depends_on": [
                        "aws_api_gateway_method.proxy",
                        "aws_api_gateway_rest_api.orion-rest-api",
                        "aws_lambda_function.orion"
                    ],
                    "primary": {
                        "id": "agi-tuwh9dk3ch-9hsjhj-ANY",
                        "attributes": {
                            "cache_key_parameters.#": "0",
                            "cache_namespace": "9hsjhj",
                            "connection_id": "",
                            "connection_type": "INTERNET",
                            "http_method": "ANY",
                            "id": "agi-tuwh9dk3ch-9hsjhj-ANY",
                            "integration_http_method": "POST",
                            "passthrough_behavior": "WHEN_NO_MATCH",
                            "request_parameters.%": "0",
                            "request_templates.%": "0",
                            "resource_id": "9hsjhj",
                            "rest_api_id": "tuwh9dk3ch",
                            "type": "AWS_PROXY",
                            "uri": "arn:aws:apigateway:us-east-1:lambda:path/2015-03-31/functions/arn:aws:lambda:us-east-1:917657326648:function:orion-serverless/invocations"
                        },
                        "meta": {},
                        "tainted": false
                    },
                    "deposed": [],
                    "provider": "provider.aws"
                },
                "aws_api_gateway_integration.lambda_root": {
                    "type": "aws_api_gateway_integration",
                    "depends_on": [
                        "aws_api_gateway_method.proxy_root",
                        "aws_api_gateway_rest_api.orion-rest-api",
                        "aws_lambda_function.orion"
                    ],
                    "primary": {
                        "id": "agi-tuwh9dk3ch-hj8l96o6z4-ANY",
                        "attributes": {
                            "cache_key_parameters.#": "0",
                            "cache_namespace": "hj8l96o6z4",
                            "connection_id": "",
                            "connection_type": "INTERNET",
                            "http_method": "ANY",
                            "id": "agi-tuwh9dk3ch-hj8l96o6z4-ANY",
                            "integration_http_method": "POST",
                            "passthrough_behavior": "WHEN_NO_MATCH",
                            "request_parameters.%": "0",
                            "request_templates.%": "0",
                            "resource_id": "hj8l96o6z4",
                            "rest_api_id": "tuwh9dk3ch",
                            "type": "AWS_PROXY",
                            "uri": "arn:aws:apigateway:us-east-1:lambda:path/2015-03-31/functions/arn:aws:lambda:us-east-1:917657326648:function:orion-serverless/invocations"
                        },
                        "meta": {},
                        "tainted": false
                    },
                    "deposed": [],
                    "provider": "provider.aws"
                },
                "aws_api_gateway_method.proxy": {
                    "type": "aws_api_gateway_method",
                    "depends_on": [
                        "aws_api_gateway_resource.proxy",
                        "aws_api_gateway_rest_api.orion-rest-api"
                    ],
                    "primary": {
                        "id": "agm-tuwh9dk3ch-9hsjhj-ANY",
                        "attributes": {
                            "api_key_required": "false",
                            "authorization": "NONE",
                            "authorization_scopes.#": "0",
                            "authorizer_id": "",
                            "http_method": "ANY",
                            "id": "agm-tuwh9dk3ch-9hsjhj-ANY",
                            "request_models.%": "0",
                            "request_parameters.%": "0",
                            "request_validator_id": "",
                            "resource_id": "9hsjhj",
                            "rest_api_id": "tuwh9dk3ch"
                        },
                        "meta": {},
                        "tainted": false
                    },
                    "deposed": [],
                    "provider": "provider.aws"
                },
                "aws_api_gateway_method.proxy_root": {
                    "type": "aws_api_gateway_method",
                    "depends_on": [
                        "aws_api_gateway_rest_api.orion-rest-api"
                    ],
                    "primary": {
                        "id": "agm-tuwh9dk3ch-hj8l96o6z4-ANY",
                        "attributes": {
                            "api_key_required": "false",
                            "authorization": "NONE",
                            "authorization_scopes.#": "0",
                            "authorizer_id": "",
                            "http_method": "ANY",
                            "id": "agm-tuwh9dk3ch-hj8l96o6z4-ANY",
                            "request_models.%": "0",
                            "request_parameters.%": "0",
                            "request_validator_id": "",
                            "resource_id": "hj8l96o6z4",
                            "rest_api_id": "tuwh9dk3ch"
                        },
                        "meta": {},
                        "tainted": false
                    },
                    "deposed": [],
                    "provider": "provider.aws"
                },
                "aws_api_gateway_resource.proxy": {
                    "type": "aws_api_gateway_resource",
                    "depends_on": [
                        "aws_api_gateway_rest_api.orion-rest-api"
                    ],
                    "primary": {
                        "id": "9hsjhj",
                        "attributes": {
                            "id": "9hsjhj",
                            "parent_id": "hj8l96o6z4",
                            "path": "/{proxy+}",
                            "path_part": "{proxy+}",
                            "rest_api_id": "tuwh9dk3ch"
                        },
                        "meta": {},
                        "tainted": false
                    },
                    "deposed": [],
                    "provider": "provider.aws"
                },
                "aws_api_gateway_rest_api.orion-rest-api": {
                    "type": "aws_api_gateway_rest_api",
                    "depends_on": [],
                    "primary": {
                        "id": "tuwh9dk3ch",
                        "attributes": {
                            "api_key_source": "HEADER",
                            "binary_media_types.#": "0",
                            "created_date": "2018-07-10T16:25:10Z",
                            "description": "Orion api gateway rest api",
                            "endpoint_configuration.#": "1",
                            "endpoint_configuration.0.types.#": "1",
                            "endpoint_configuration.0.types.0": "EDGE",
                            "execution_arn": "arn:aws:execute-api:us-east-1:917657326648:tuwh9dk3ch",
                            "id": "tuwh9dk3ch",
                            "minimum_compression_size": "-1",
                            "name": "orion-rest-api",
                            "policy": "",
                            "root_resource_id": "hj8l96o6z4"
                        },
                        "meta": {},
                        "tainted": false
                    },
                    "deposed": [],
                    "provider": "provider.aws"
                },
                "aws_iam_policy.lambda-log-policy": {
                    "type": "aws_iam_policy",
                    "depends_on": [],
                    "primary": {
                        "id": "arn:aws:iam::917657326648:policy/lambda-log-policy",
                        "attributes": {
                            "arn": "arn:aws:iam::917657326648:policy/lambda-log-policy",
                            "description": "Allow lambda to work with log groups and log streams",
                            "id": "arn:aws:iam::917657326648:policy/lambda-log-policy",
                            "name": "lambda-log-policy",
                            "path": "/",
                            "policy": "{\n  \"Version\": \"2012-10-17\",\n  \"Statement\": [\n    {\n      \"Effect\": \"Allow\",\n      \"Action\": [\n        \"logs:CreateLogGroup\",\n        \"logs:CreateLogStream\",\n        \"logs:PutLogEvents\",\n        \"logs:DescribeLogStreams\"\n    ],\n      \"Resource\": [\n        \"arn:aws:logs:*:*:*\"\n    ]\n  }\n ]\n}\n"
                        },
                        "meta": {},
                        "tainted": false
                    },
                    "deposed": [],
                    "provider": "provider.aws"
                },
                "aws_iam_role.orion_lambda_exec_role": {
                    "type": "aws_iam_role",
                    "depends_on": [],
                    "primary": {
                        "id": "orion_lambda_exec_role",
                        "attributes": {
                            "arn": "arn:aws:iam::917657326648:role/orion_lambda_exec_role",
                            "assume_role_policy": "{\"Version\":\"2012-10-17\",\"Statement\":[{\"Sid\":\"\",\"Effect\":\"Allow\",\"Principal\":{\"Service\":\"lambda.amazonaws.com\"},\"Action\":\"sts:AssumeRole\"}]}",
                            "create_date": "2018-07-10T16:25:10Z",
                            "force_detach_policies": "false",
                            "id": "orion_lambda_exec_role",
                            "max_session_duration": "3600",
                            "name": "orion_lambda_exec_role",
                            "path": "/",
                            "unique_id": "AROAIHJHLGGOIVOZMQ5T6"
                        },
                        "meta": {},
                        "tainted": false
                    },
                    "deposed": [],
                    "provider": "provider.aws"
                },
                "aws_iam_role_policy_attachment.lambda-logs-policy-attachement": {
                    "type": "aws_iam_role_policy_attachment",
                    "depends_on": [
                        "aws_iam_policy.lambda-log-policy",
                        "aws_iam_role.orion_lambda_exec_role"
                    ],
                    "primary": {
                        "id": "orion_lambda_exec_role-20180710175629341600000001",
                        "attributes": {
                            "id": "orion_lambda_exec_role-20180710175629341600000001",
                            "policy_arn": "arn:aws:iam::917657326648:policy/lambda-log-policy",
                            "role": "orion_lambda_exec_role"
                        },
                        "meta": {},
                        "tainted": false
                    },
                    "deposed": [],
                    "provider": "provider.aws"
                },
                "aws_lambda_function.orion": {
                    "type": "aws_lambda_function",
                    "depends_on": [
                        "aws_iam_role.orion_lambda_exec_role"
                    ],
                    "primary": {
                        "id": "orion-serverless",
                        "attributes": {
                            "arn": "arn:aws:lambda:us-east-1:917657326648:function:orion-serverless",
                            "dead_letter_config.#": "0",
                            "description": "",
                            "environment.#": "0",
                            "filename": "../../build/lambda.zip",
                            "function_name": "orion-serverless",
                            "handler": "orion",
                            "id": "orion-serverless",
                            "invoke_arn": "arn:aws:apigateway:us-east-1:lambda:path/2015-03-31/functions/arn:aws:lambda:us-east-1:917657326648:function:orion-serverless/invocations",
                            "kms_key_arn": "",
                            "last_modified": "2018-07-10T20:00:35.854+0000",
                            "memory_size": "128",
                            "publish": "false",
                            "qualified_arn": "arn:aws:lambda:us-east-1:917657326648:function:orion-serverless:$LATEST",
                            "reserved_concurrent_executions": "0",
                            "role": "arn:aws:iam::917657326648:role/orion_lambda_exec_role",
                            "runtime": "go1.x",
                            "source_code_hash": "vhGB+gKoRNvkK+IVHkariKfiwLXd5ifP5CGHYlkCrCA=",
                            "source_code_size": "2670397",
                            "tags.%": "0",
                            "timeout": "3",
                            "tracing_config.#": "1",
                            "tracing_config.0.mode": "PassThrough",
                            "version": "$LATEST",
                            "vpc_config.#": "0"
                        },
                        "meta": {},
                        "tainted": false
                    },
                    "deposed": [],
                    "provider": "provider.aws"
                },
                "aws_lambda_permission.orion-lambda-permission": {
                    "type": "aws_lambda_permission",
                    "depends_on": [
                        "aws_api_gateway_deployment.orion-api-gateway-deployment",
                        "aws_lambda_function.orion"
                    ],
                    "primary": {
                        "id": "AllowAPIGatewayInvoke",
                        "attributes": {
                            "action": "lambda:InvokeFunction",
                            "function_name": "arn:aws:lambda:us-east-1:917657326648:function:orion-serverless",
                            "id": "AllowAPIGatewayInvoke",
                            "principal": "apigateway.amazonaws.com",
                            "qualifier": "",
                            "source_arn": "arn:aws:execute-api:us-east-1:917657326648:tuwh9dk3ch/orion/*/*",
                            "statement_id": "AllowAPIGatewayInvoke"
                        },
                        "meta": {},
                        "tainted": false
                    },
                    "deposed": [],
                    "provider": "provider.aws"
                }
            },
            "depends_on": []
        }
    ]
}
