{
    "version": 3,
    "terraform_version": "0.11.7",
    "serial": 40,
    "lineage": "54451f41-4bbf-8e3b-5c4b-28ed7078f486",
    "modules": [
        {
            "path": [
                "root"
            ],
            "outputs": {
                "base_url": {
                    "sensitive": false,
                    "type": "string",
                    "value": "https://4ub3dtj3y5.execute-api.us-east-1.amazonaws.com/orion"
                }
            },
            "resources": {
                "aws_api_gateway_deployment.orion-api-gateway-deployment": {
                    "type": "aws_api_gateway_deployment",
                    "depends_on": [
                        "aws_api_gateway_integration.lambda",
                        "aws_api_gateway_integration.lambda_root",
                        "aws_api_gateway_rest_api.orion-rest-api"
                    ],
                    "primary": {
                        "id": "kl29bl",
                        "attributes": {
                            "created_date": "2018-08-10T02:39:12Z",
                            "description": "",
                            "execution_arn": "arn:aws:execute-api:us-east-1:917657326648:4ub3dtj3y5/orion",
                            "id": "kl29bl",
                            "invoke_url": "https://4ub3dtj3y5.execute-api.us-east-1.amazonaws.com/orion",
                            "rest_api_id": "4ub3dtj3y5",
                            "stage_name": "orion"
                        },
                        "meta": {},
                        "tainted": false
                    },
                    "deposed": [],
                    "provider": "provider.aws"
                },
                "aws_api_gateway_integration.lambda": {
                    "type": "aws_api_gateway_integration",
                    "depends_on": [
                        "aws_api_gateway_method.proxy",
                        "aws_api_gateway_rest_api.orion-rest-api",
                        "aws_lambda_function.orion"
                    ],
                    "primary": {
                        "id": "agi-4ub3dtj3y5-myjue9-ANY",
                        "attributes": {
                            "cache_key_parameters.#": "0",
                            "cache_namespace": "myjue9",
                            "connection_id": "",
                            "connection_type": "INTERNET",
                            "http_method": "ANY",
                            "id": "agi-4ub3dtj3y5-myjue9-ANY",
                            "integration_http_method": "POST",
                            "passthrough_behavior": "WHEN_NO_MATCH",
                            "request_parameters.%": "0",
                            "request_templates.%": "0",
                            "resource_id": "myjue9",
                            "rest_api_id": "4ub3dtj3y5",
                            "timeout_milliseconds": "29000",
                            "type": "AWS_PROXY",
                            "uri": "arn:aws:apigateway:us-east-1:lambda:path/2015-03-31/functions/arn:aws:lambda:us-east-1:917657326648:function:orion-serverless/invocations"
                        },
                        "meta": {},
                        "tainted": false
                    },
                    "deposed": [],
                    "provider": "provider.aws"
                },
                "aws_api_gateway_integration.lambda_root": {
                    "type": "aws_api_gateway_integration",
                    "depends_on": [
                        "aws_api_gateway_method.proxy_root",
                        "aws_api_gateway_rest_api.orion-rest-api",
                        "aws_lambda_function.orion"
                    ],
                    "primary": {
                        "id": "agi-4ub3dtj3y5-4rab29ng3l-ANY",
                        "attributes": {
                            "cache_key_parameters.#": "0",
                            "cache_namespace": "4rab29ng3l",
                            "connection_id": "",
                            "connection_type": "INTERNET",
                            "http_method": "ANY",
                            "id": "agi-4ub3dtj3y5-4rab29ng3l-ANY",
                            "integration_http_method": "POST",
                            "passthrough_behavior": "WHEN_NO_MATCH",
                            "request_parameters.%": "0",
                            "request_templates.%": "0",
                            "resource_id": "4rab29ng3l",
                            "rest_api_id": "4ub3dtj3y5",
                            "timeout_milliseconds": "29000",
                            "type": "AWS_PROXY",
                            "uri": "arn:aws:apigateway:us-east-1:lambda:path/2015-03-31/functions/arn:aws:lambda:us-east-1:917657326648:function:orion-serverless/invocations"
                        },
                        "meta": {},
                        "tainted": false
                    },
                    "deposed": [],
                    "provider": "provider.aws"
                },
                "aws_api_gateway_method.proxy": {
                    "type": "aws_api_gateway_method",
                    "depends_on": [
                        "aws_api_gateway_resource.proxy",
                        "aws_api_gateway_rest_api.orion-rest-api"
                    ],
                    "primary": {
                        "id": "agm-4ub3dtj3y5-myjue9-ANY",
                        "attributes": {
                            "api_key_required": "false",
                            "authorization": "NONE",
                            "authorization_scopes.#": "0",
                            "authorizer_id": "",
                            "http_method": "ANY",
                            "id": "agm-4ub3dtj3y5-myjue9-ANY",
                            "request_models.%": "0",
                            "request_parameters.%": "0",
                            "request_validator_id": "",
                            "resource_id": "myjue9",
                            "rest_api_id": "4ub3dtj3y5"
                        },
                        "meta": {},
                        "tainted": false
                    },
                    "deposed": [],
                    "provider": "provider.aws"
                },
                "aws_api_gateway_method.proxy_root": {
                    "type": "aws_api_gateway_method",
                    "depends_on": [
                        "aws_api_gateway_rest_api.orion-rest-api"
                    ],
                    "primary": {
                        "id": "agm-4ub3dtj3y5-4rab29ng3l-ANY",
                        "attributes": {
                            "api_key_required": "false",
                            "authorization": "NONE",
                            "authorization_scopes.#": "0",
                            "authorizer_id": "",
                            "http_method": "ANY",
                            "id": "agm-4ub3dtj3y5-4rab29ng3l-ANY",
                            "request_models.%": "0",
                            "request_parameters.%": "0",
                            "request_validator_id": "",
                            "resource_id": "4rab29ng3l",
                            "rest_api_id": "4ub3dtj3y5"
                        },
                        "meta": {},
                        "tainted": false
                    },
                    "deposed": [],
                    "provider": "provider.aws"
                },
                "aws_api_gateway_resource.proxy": {
                    "type": "aws_api_gateway_resource",
                    "depends_on": [
                        "aws_api_gateway_rest_api.orion-rest-api"
                    ],
                    "primary": {
                        "id": "myjue9",
                        "attributes": {
                            "id": "myjue9",
                            "parent_id": "4rab29ng3l",
                            "path": "/{proxy+}",
                            "path_part": "{proxy+}",
                            "rest_api_id": "4ub3dtj3y5"
                        },
                        "meta": {},
                        "tainted": false
                    },
                    "deposed": [],
                    "provider": "provider.aws"
                },
                "aws_api_gateway_rest_api.orion-rest-api": {
                    "type": "aws_api_gateway_rest_api",
                    "depends_on": [],
                    "primary": {
                        "id": "4ub3dtj3y5",
                        "attributes": {
                            "api_key_source": "HEADER",
                            "binary_media_types.#": "0",
                            "created_date": "2018-08-10T02:39:01Z",
                            "description": "Orion api gateway rest api",
                            "endpoint_configuration.#": "1",
                            "endpoint_configuration.0.types.#": "1",
                            "endpoint_configuration.0.types.0": "EDGE",
                            "execution_arn": "arn:aws:execute-api:us-east-1:917657326648:4ub3dtj3y5",
                            "id": "4ub3dtj3y5",
                            "minimum_compression_size": "-1",
                            "name": "orion-rest-api",
                            "policy": "",
                            "root_resource_id": "4rab29ng3l"
                        },
                        "meta": {},
                        "tainted": false
                    },
                    "deposed": [],
                    "provider": "provider.aws"
                },
                "aws_iam_policy.lambda-log-policy": {
                    "type": "aws_iam_policy",
                    "depends_on": [],
                    "primary": {
                        "id": "arn:aws:iam::917657326648:policy/lambda-log-policy",
                        "attributes": {
                            "arn": "arn:aws:iam::917657326648:policy/lambda-log-policy",
                            "description": "Allow lambda to work with log groups and log streams",
                            "id": "arn:aws:iam::917657326648:policy/lambda-log-policy",
                            "name": "lambda-log-policy",
                            "path": "/",
                            "policy": "{\n  \"Version\": \"2012-10-17\",\n  \"Statement\": [\n    {\n      \"Effect\": \"Allow\",\n      \"Action\": [\n        \"logs:CreateLogGroup\",\n        \"logs:CreateLogStream\",\n        \"logs:PutLogEvents\",\n        \"logs:DescribeLogStreams\"\n    ],\n      \"Resource\": [\n        \"arn:aws:logs:*:*:*\"\n    ]\n  }\n ]\n}\n"
                        },
                        "meta": {},
                        "tainted": false
                    },
                    "deposed": [],
                    "provider": "provider.aws"
                },
                "aws_iam_policy.lambda-s3-policy": {
                    "type": "aws_iam_policy",
                    "depends_on": [],
                    "primary": {
                        "id": "arn:aws:iam::917657326648:policy/lambda-s3-policy",
                        "attributes": {
                            "arn": "arn:aws:iam::917657326648:policy/lambda-s3-policy",
                            "description": "My test policy",
                            "id": "arn:aws:iam::917657326648:policy/lambda-s3-policy",
                            "name": "lambda-s3-policy",
                            "path": "/",
                            "policy": "{\n  \"Version\": \"2012-10-17\",\n  \"Statement\": [\n    {\n      \"Effect\": \"Allow\",\n      \"Action\": [\n        \"s3:GetObject\",\n        \"s3:PutObject\"\n      ],\n      \"Resource\": \"arn:aws:s3:::*\"\n    }\n  ]\n}\n"
                        },
                        "meta": {},
                        "tainted": false
                    },
                    "deposed": [],
                    "provider": "provider.aws"
                },
                "aws_iam_role.orion_lambda_exec_role": {
                    "type": "aws_iam_role",
                    "depends_on": [],
                    "primary": {
                        "id": "orion_lambda_exec_role",
                        "attributes": {
                            "arn": "arn:aws:iam::917657326648:role/orion_lambda_exec_role",
                            "assume_role_policy": "{\"Version\":\"2012-10-17\",\"Statement\":[{\"Sid\":\"\",\"Effect\":\"Allow\",\"Principal\":{\"Service\":\"lambda.amazonaws.com\"},\"Action\":\"sts:AssumeRole\"}]}",
                            "create_date": "2018-08-10T02:39:01Z",
                            "force_detach_policies": "false",
                            "id": "orion_lambda_exec_role",
                            "max_session_duration": "3600",
                            "name": "orion_lambda_exec_role",
                            "path": "/",
                            "unique_id": "AROAJLUROZQRYFPDWNLJQ"
                        },
                        "meta": {},
                        "tainted": false
                    },
                    "deposed": [],
                    "provider": "provider.aws"
                },
                "aws_iam_role_policy_attachment.lambda-logs-policy-attachement": {
                    "type": "aws_iam_role_policy_attachment",
                    "depends_on": [
                        "aws_iam_policy.lambda-log-policy",
                        "aws_iam_role.orion_lambda_exec_role"
                    ],
                    "primary": {
                        "id": "orion_lambda_exec_role-20180810023901848000000001",
                        "attributes": {
                            "id": "orion_lambda_exec_role-20180810023901848000000001",
                            "policy_arn": "arn:aws:iam::917657326648:policy/lambda-log-policy",
                            "role": "orion_lambda_exec_role"
                        },
                        "meta": {},
                        "tainted": false
                    },
                    "deposed": [],
                    "provider": "provider.aws"
                },
                "aws_iam_role_policy_attachment.lambda-s3-policy-attachement": {
                    "type": "aws_iam_role_policy_attachment",
                    "depends_on": [
                        "aws_iam_policy.lambda-s3-policy",
                        "aws_iam_role.orion_lambda_exec_role"
                    ],
                    "primary": {
                        "id": "orion_lambda_exec_role-20180810024136706100000001",
                        "attributes": {
                            "id": "orion_lambda_exec_role-20180810024136706100000001",
                            "policy_arn": "arn:aws:iam::917657326648:policy/lambda-s3-policy",
                            "role": "orion_lambda_exec_role"
                        },
                        "meta": {},
                        "tainted": false
                    },
                    "deposed": [],
                    "provider": "provider.aws"
                },
                "aws_lambda_function.orion": {
                    "type": "aws_lambda_function",
                    "depends_on": [
                        "aws_iam_role.orion_lambda_exec_role"
                    ],
                    "primary": {
                        "id": "orion-serverless",
                        "attributes": {
                            "arn": "arn:aws:lambda:us-east-1:917657326648:function:orion-serverless",
                            "dead_letter_config.#": "0",
                            "description": "",
                            "environment.#": "0",
                            "filename": "../../build/lambda.zip",
                            "function_name": "orion-serverless",
                            "handler": "orion",
                            "id": "orion-serverless",
                            "invoke_arn": "arn:aws:apigateway:us-east-1:lambda:path/2015-03-31/functions/arn:aws:lambda:us-east-1:917657326648:function:orion-serverless/invocations",
                            "kms_key_arn": "",
                            "last_modified": "2018-08-10T02:39:12.832+0000",
                            "memory_size": "128",
                            "publish": "false",
                            "qualified_arn": "arn:aws:lambda:us-east-1:917657326648:function:orion-serverless:$LATEST",
                            "reserved_concurrent_executions": "0",
                            "role": "arn:aws:iam::917657326648:role/orion_lambda_exec_role",
                            "runtime": "go1.x",
                            "source_code_hash": "s1xAwGG9higNTaVj0cbLZaZq5E+rQ43a4fyu0GN0gV0=",
                            "source_code_size": "4038116",
                            "tags.%": "0",
                            "timeout": "3",
                            "tracing_config.#": "1",
                            "tracing_config.0.mode": "PassThrough",
                            "version": "$LATEST",
                            "vpc_config.#": "0"
                        },
                        "meta": {},
                        "tainted": false
                    },
                    "deposed": [],
                    "provider": "provider.aws"
                },
                "aws_lambda_permission.orion-lambda-permission": {
                    "type": "aws_lambda_permission",
                    "depends_on": [
                        "aws_api_gateway_deployment.orion-api-gateway-deployment",
                        "aws_lambda_function.orion"
                    ],
                    "primary": {
                        "id": "AllowAPIGatewayInvoke",
                        "attributes": {
                            "action": "lambda:InvokeFunction",
                            "function_name": "arn:aws:lambda:us-east-1:917657326648:function:orion-serverless",
                            "id": "AllowAPIGatewayInvoke",
                            "principal": "apigateway.amazonaws.com",
                            "qualifier": "",
                            "source_arn": "arn:aws:execute-api:us-east-1:917657326648:4ub3dtj3y5/orion/*/*",
                            "statement_id": "AllowAPIGatewayInvoke"
                        },
                        "meta": {},
                        "tainted": false
                    },
                    "deposed": [],
                    "provider": "provider.aws"
                },
                "aws_s3_bucket.orion_config_bucket": {
                    "type": "aws_s3_bucket",
                    "depends_on": [],
                    "primary": {
                        "id": "orion-config-bucket",
                        "attributes": {
                            "acceleration_status": "",
                            "acl": "private",
                            "arn": "arn:aws:s3:::orion-config-bucket",
                            "bucket": "orion-config-bucket",
                            "bucket_domain_name": "orion-config-bucket.s3.amazonaws.com",
                            "bucket_regional_domain_name": "orion-config-bucket.s3.amazonaws.com",
                            "cors_rule.#": "0",
                            "force_destroy": "false",
                            "hosted_zone_id": "Z3AQBSTGFYJSTF",
                            "id": "orion-config-bucket",
                            "logging.#": "0",
                            "region": "us-east-1",
                            "replication_configuration.#": "0",
                            "request_payer": "BucketOwner",
                            "server_side_encryption_configuration.#": "0",
                            "tags.%": "0",
                            "versioning.#": "1",
                            "versioning.0.enabled": "false",
                            "versioning.0.mfa_delete": "false",
                            "website.#": "0"
                        },
                        "meta": {},
                        "tainted": false
                    },
                    "deposed": [],
                    "provider": "provider.aws"
                },
                "aws_s3_bucket.orion_image_bucket": {
                    "type": "aws_s3_bucket",
                    "depends_on": [],
                    "primary": {
                        "id": "orion-image-bucket",
                        "attributes": {
                            "acceleration_status": "",
                            "acl": "private",
                            "arn": "arn:aws:s3:::orion-image-bucket",
                            "bucket": "orion-image-bucket",
                            "bucket_domain_name": "orion-image-bucket.s3.amazonaws.com",
                            "bucket_regional_domain_name": "orion-image-bucket.s3.amazonaws.com",
                            "cors_rule.#": "0",
                            "force_destroy": "false",
                            "hosted_zone_id": "Z3AQBSTGFYJSTF",
                            "id": "orion-image-bucket",
                            "logging.#": "0",
                            "region": "us-east-1",
                            "replication_configuration.#": "0",
                            "request_payer": "BucketOwner",
                            "server_side_encryption_configuration.#": "0",
                            "tags.%": "0",
                            "versioning.#": "1",
                            "versioning.0.enabled": "false",
                            "versioning.0.mfa_delete": "false",
                            "website.#": "0"
                        },
                        "meta": {},
                        "tainted": false
                    },
                    "deposed": [],
                    "provider": "provider.aws"
                },
                "aws_s3_bucket_object.orion_config": {
                    "type": "aws_s3_bucket_object",
                    "depends_on": [
                        "aws_s3_bucket.orion_config_bucket"
                    ],
                    "primary": {
                        "id": "config.json",
                        "attributes": {
                            "acl": "private",
                            "bucket": "orion-config-bucket",
                            "cache_control": "",
                            "content_disposition": "",
                            "content_encoding": "",
                            "content_language": "",
                            "content_type": "binary/octet-stream",
                            "etag": "37560cc7112768d6c4000ebe59ae1d04",
                            "id": "config.json",
                            "key": "config.json",
                            "server_side_encryption": "",
                            "source": "config.json",
                            "storage_class": "STANDARD",
                            "tags.%": "0",
                            "version_id": "",
                            "website_redirect": ""
                        },
                        "meta": {},
                        "tainted": false
                    },
                    "deposed": [],
                    "provider": "provider.aws"
                }
            },
            "depends_on": []
        }
    ]
}
